
Microsoft Visual Studio Solution File, Format Version 12.00
# Visual Studio Version 17
VisualStudioVersion = 17.9.34616.47
MinimumVisualStudioVersion = 10.0.40219.1
Project("{9A19103F-16F7-4668-BE54-9A1E7A4F7556}") = "Bookify.Domain", "src\Bookify.Domain\Bookify.Domain.csproj", "{129DD1C2-D4EC-4B54-AC13-5301AB430BB4}"
EndProject
Project("{2150E333-8FDC-42A3-9474-1A3956D46DE8}") = "Solution Items", "Solution Items", "{F471D9CF-651C-4AEC-8B55-EFB681C17283}"
	ProjectSection(SolutionItems) = preProject
		README.md = README.md
	EndProjectSection
EndProject
Project("{9A19103F-16F7-4668-BE54-9A1E7A4F7556}") = "Bookify.Application", "src\Bookify.Application\Bookify.Application.csproj", "{2FB98A7D-0FBC-4F51-9675-E5745A7B9434}"
EndProject
Project("{9A19103F-16F7-4668-BE54-9A1E7A4F7556}") = "Bookify.Infrastructure", "src\Bookify.Infrastructure\Bookify.Infrastructure.csproj", "{FC396683-511E-4534-9486-B3B225C12782}"
EndProject
Project("{FAE04EC0-301F-11D3-BF4B-00C04F79EFBC}") = "Bookify.Presentation", "src\Bookify.Presentation\Bookify.Presentation.csproj", "{06239D41-3DBA-4939-826A-2BD8D4490640}"
EndProject
Project("{E53339B2-1760-4266-BCC7-CA923CBCF16C}") = "docker-compose", "docker-compose.dcproj", "{73529A82-6B2A-4D1E-91C9-592DF52DBF7B}"
EndProject
Global
	GlobalSection(SolutionConfigurationPlatforms) = preSolution
		Debug|Any CPU = Debug|Any CPU
		Release|Any CPU = Release|Any CPU
	EndGlobalSection
	GlobalSection(ProjectConfigurationPlatforms) = postSolution
		{129DD1C2-D4EC-4B54-AC13-5301AB430BB4}.Debug|Any CPU.ActiveCfg = Debug|Any CPU
		{129DD1C2-D4EC-4B54-AC13-5301AB430BB4}.Debug|Any CPU.Build.0 = Debug|Any CPU
		{129DD1C2-D4EC-4B54-AC13-5301AB430BB4}.Release|Any CPU.ActiveCfg = Release|Any CPU
		{129DD1C2-D4EC-4B54-AC13-5301AB430BB4}.Release|Any CPU.Build.0 = Release|Any CPU
		{2FB98A7D-0FBC-4F51-9675-E5745A7B9434}.Debug|Any CPU.ActiveCfg = Debug|Any CPU
		{2FB98A7D-0FBC-4F51-9675-E5745A7B9434}.Debug|Any CPU.Build.0 = Debug|Any CPU
		{2FB98A7D-0FBC-4F51-9675-E5745A7B9434}.Release|Any CPU.ActiveCfg = Release|Any CPU
		{2FB98A7D-0FBC-4F51-9675-E5745A7B9434}.Release|Any CPU.Build.0 = Release|Any CPU
		{FC396683-511E-4534-9486-B3B225C12782}.Debug|Any CPU.ActiveCfg = Debug|Any CPU
		{FC396683-511E-4534-9486-B3B225C12782}.Debug|Any CPU.Build.0 = Debug|Any CPU
		{FC396683-511E-4534-9486-B3B225C12782}.Release|Any CPU.ActiveCfg = Release|Any CPU
		{FC396683-511E-4534-9486-B3B225C12782}.Release|Any CPU.Build.0 = Release|Any CPU
		{06239D41-3DBA-4939-826A-2BD8D4490640}.Debug|Any CPU.ActiveCfg = Debug|Any CPU
		{06239D41-3DBA-4939-826A-2BD8D4490640}.Debug|Any CPU.Build.0 = Debug|Any CPU
		{06239D41-3DBA-4939-826A-2BD8D4490640}.Release|Any CPU.ActiveCfg = Release|Any CPU
		{06239D41-3DBA-4939-826A-2BD8D4490640}.Release|Any CPU.Build.0 = Release|Any CPU
		{73529A82-6B2A-4D1E-91C9-592DF52DBF7B}.Debug|Any CPU.ActiveCfg = Debug|Any CPU
		{73529A82-6B2A-4D1E-91C9-592DF52DBF7B}.Debug|Any CPU.Build.0 = Debug|Any CPU
		{73529A82-6B2A-4D1E-91C9-592DF52DBF7B}.Release|Any CPU.ActiveCfg = Release|Any CPU
		{73529A82-6B2A-4D1E-91C9-592DF52DBF7B}.Release|Any CPU.Build.0 = Release|Any CPU
	EndGlobalSection
	GlobalSection(SolutionProperties) = preSolution
		HideSolutionNode = FALSE
	EndGlobalSection
	GlobalSection(ExtensibilityGlobals) = postSolution
		SolutionGuid = {1229E138-016F-467C-B74B-19C82B0B8A7D}
	EndGlobalSection
EndGlobal
