
Microsoft Visual Studio Solution File, Format Version 12.00
# Visual Studio Version 17
VisualStudioVersion = 17.11.35222.181
MinimumVisualStudioVersion = 10.0.40219.1
Project("{9A19103F-16F7-4668-BE54-9A1E7A4F7556}") = "Bookify.Domain", "Bookify.Domain\Bookify.Domain.csproj", "{EFD699B3-7B76-4FDA-9869-736621B350E2}"
EndProject
Project("{9A19103F-16F7-4668-BE54-9A1E7A4F7556}") = "Bookify.Application", "Bookify.Application\Bookify.Application.csproj", "{E2D8DEB1-E203-41BD-80E0-FB5AF1849DCB}"
EndProject
Project("{9A19103F-16F7-4668-BE54-9A1E7A4F7556}") = "Bookify.Infrastructure", "Bookify.Infrastructure\Bookify.Infrastructure.csproj", "{5ED0D3A7-C159-46B7-9523-0323A8B20717}"
EndProject
Project("{9A19103F-16F7-4668-BE54-9A1E7A4F7556}") = "Bookify.Api", "Bookify.Api\Bookify.Api.csproj", "{739AA5E1-7FF2-4471-AF48-18EF991FB477}"
EndProject
Project("{E53339B2-1760-4266-BCC7-CA923CBCF16C}") = "docker-compose", "docker-compose.dcproj", "{7BCBC567-79D9-43B2-A24F-7F66EA511DB0}"
EndProject
Project("{FAE04EC0-301F-11D3-BF4B-00C04F79EFBC}") = "Bookify.Domain.UnitTests", "Bookify.Domain.UnitTests\Bookify.Domain.UnitTests.csproj", "{A379F83C-18F6-447B-8648-A4225AAB56A0}"
EndProject
Project("{FAE04EC0-301F-11D3-BF4B-00C04F79EFBC}") = "Bookify.Application.UnitTests", "Bookify.Application.UnitTests\Bookify.Application.UnitTests.csproj", "{5D979090-6F74-4782-BDE5-BC57FB8C6999}"
EndProject
Project("{FAE04EC0-301F-11D3-BF4B-00C04F79EFBC}") = "Bookify.Application.IntegrationTests", "Bookify.Application.IntegrationTests\Bookify.Application.IntegrationTests.csproj", "{9DB1FF7B-84C3-4169-BD7A-06DC1CAEFAE1}"
EndProject
Project("{FAE04EC0-301F-11D3-BF4B-00C04F79EFBC}") = "Bookify.Api.FunctionalTests", "Bookify.Api.FunctionalTests\Bookify.Api.FunctionalTests.csproj", "{50B2D529-5056-4E9A-82CB-D4F7AF9043AE}"
EndProject
Project("{FAE04EC0-301F-11D3-BF4B-00C04F79EFBC}") = "Bookify.Architecture.UnitTests", "Bookify.Architecture.UnitTests\Bookify.Architecture.UnitTests.csproj", "{81F9F31A-8D05-47CB-AC44-EB9808FAE9EB}"
EndProject
Project("{2150E333-8FDC-42A3-9474-1A3956D46DE8}") = "Presentation", "Presentation", "{FB9C3848-7929-46C6-81E0-A4D97CD6AE9C}"
EndProject
Project("{2150E333-8FDC-42A3-9474-1A3956D46DE8}") = "Domain", "Domain", "{41FB197D-73A0-4656-B924-BF3095612DFA}"
EndProject
Project("{2150E333-8FDC-42A3-9474-1A3956D46DE8}") = "Application", "Application", "{802C1E2F-FF07-4573-8D00-3B4C3A93F22E}"
EndProject
Project("{2150E333-8FDC-42A3-9474-1A3956D46DE8}") = "Infrastructure", "Infrastructure", "{E01789AF-14AC-4489-9405-6CDDBAAFB78E}"
EndProject
Global
	GlobalSection(SolutionConfigurationPlatforms) = preSolution
		Debug|Any CPU = Debug|Any CPU
		Release|Any CPU = Release|Any CPU
	EndGlobalSection
	GlobalSection(ProjectConfigurationPlatforms) = postSolution
		{EFD699B3-7B76-4FDA-9869-736621B350E2}.Debug|Any CPU.ActiveCfg = Debug|Any CPU
		{EFD699B3-7B76-4FDA-9869-736621B350E2}.Debug|Any CPU.Build.0 = Debug|Any CPU
		{EFD699B3-7B76-4FDA-9869-736621B350E2}.Release|Any CPU.ActiveCfg = Release|Any CPU
		{EFD699B3-7B76-4FDA-9869-736621B350E2}.Release|Any CPU.Build.0 = Release|Any CPU
		{E2D8DEB1-E203-41BD-80E0-FB5AF1849DCB}.Debug|Any CPU.ActiveCfg = Debug|Any CPU
		{E2D8DEB1-E203-41BD-80E0-FB5AF1849DCB}.Debug|Any CPU.Build.0 = Debug|Any CPU
		{E2D8DEB1-E203-41BD-80E0-FB5AF1849DCB}.Release|Any CPU.ActiveCfg = Release|Any CPU
		{E2D8DEB1-E203-41BD-80E0-FB5AF1849DCB}.Release|Any CPU.Build.0 = Release|Any CPU
		{5ED0D3A7-C159-46B7-9523-0323A8B20717}.Debug|Any CPU.ActiveCfg = Debug|Any CPU
		{5ED0D3A7-C159-46B7-9523-0323A8B20717}.Debug|Any CPU.Build.0 = Debug|Any CPU
		{5ED0D3A7-C159-46B7-9523-0323A8B20717}.Release|Any CPU.ActiveCfg = Release|Any CPU
		{5ED0D3A7-C159-46B7-9523-0323A8B20717}.Release|Any CPU.Build.0 = Release|Any CPU
		{739AA5E1-7FF2-4471-AF48-18EF991FB477}.Debug|Any CPU.ActiveCfg = Debug|Any CPU
		{739AA5E1-7FF2-4471-AF48-18EF991FB477}.Debug|Any CPU.Build.0 = Debug|Any CPU
		{739AA5E1-7FF2-4471-AF48-18EF991FB477}.Release|Any CPU.ActiveCfg = Release|Any CPU
		{739AA5E1-7FF2-4471-AF48-18EF991FB477}.Release|Any CPU.Build.0 = Release|Any CPU
		{7BCBC567-79D9-43B2-A24F-7F66EA511DB0}.Debug|Any CPU.ActiveCfg = Debug|Any CPU
		{7BCBC567-79D9-43B2-A24F-7F66EA511DB0}.Debug|Any CPU.Build.0 = Debug|Any CPU
		{7BCBC567-79D9-43B2-A24F-7F66EA511DB0}.Release|Any CPU.ActiveCfg = Release|Any CPU
		{7BCBC567-79D9-43B2-A24F-7F66EA511DB0}.Release|Any CPU.Build.0 = Release|Any CPU
		{A379F83C-18F6-447B-8648-A4225AAB56A0}.Debug|Any CPU.ActiveCfg = Debug|Any CPU
		{A379F83C-18F6-447B-8648-A4225AAB56A0}.Debug|Any CPU.Build.0 = Debug|Any CPU
		{A379F83C-18F6-447B-8648-A4225AAB56A0}.Release|Any CPU.ActiveCfg = Release|Any CPU
		{A379F83C-18F6-447B-8648-A4225AAB56A0}.Release|Any CPU.Build.0 = Release|Any CPU
		{5D979090-6F74-4782-BDE5-BC57FB8C6999}.Debug|Any CPU.ActiveCfg = Debug|Any CPU
		{5D979090-6F74-4782-BDE5-BC57FB8C6999}.Debug|Any CPU.Build.0 = Debug|Any CPU
		{5D979090-6F74-4782-BDE5-BC57FB8C6999}.Release|Any CPU.ActiveCfg = Release|Any CPU
		{5D979090-6F74-4782-BDE5-BC57FB8C6999}.Release|Any CPU.Build.0 = Release|Any CPU
		{9DB1FF7B-84C3-4169-BD7A-06DC1CAEFAE1}.Debug|Any CPU.ActiveCfg = Debug|Any CPU
		{9DB1FF7B-84C3-4169-BD7A-06DC1CAEFAE1}.Debug|Any CPU.Build.0 = Debug|Any CPU
		{9DB1FF7B-84C3-4169-BD7A-06DC1CAEFAE1}.Release|Any CPU.ActiveCfg = Release|Any CPU
		{9DB1FF7B-84C3-4169-BD7A-06DC1CAEFAE1}.Release|Any CPU.Build.0 = Release|Any CPU
		{50B2D529-5056-4E9A-82CB-D4F7AF9043AE}.Debug|Any CPU.ActiveCfg = Debug|Any CPU
		{50B2D529-5056-4E9A-82CB-D4F7AF9043AE}.Debug|Any CPU.Build.0 = Debug|Any CPU
		{50B2D529-5056-4E9A-82CB-D4F7AF9043AE}.Release|Any CPU.ActiveCfg = Release|Any CPU
		{50B2D529-5056-4E9A-82CB-D4F7AF9043AE}.Release|Any CPU.Build.0 = Release|Any CPU
		{81F9F31A-8D05-47CB-AC44-EB9808FAE9EB}.Debug|Any CPU.ActiveCfg = Debug|Any CPU
		{81F9F31A-8D05-47CB-AC44-EB9808FAE9EB}.Debug|Any CPU.Build.0 = Debug|Any CPU
		{81F9F31A-8D05-47CB-AC44-EB9808FAE9EB}.Release|Any CPU.ActiveCfg = Release|Any CPU
		{81F9F31A-8D05-47CB-AC44-EB9808FAE9EB}.Release|Any CPU.Build.0 = Release|Any CPU
	EndGlobalSection
	GlobalSection(SolutionProperties) = preSolution
		HideSolutionNode = FALSE
	EndGlobalSection
	GlobalSection(NestedProjects) = preSolution
		{EFD699B3-7B76-4FDA-9869-736621B350E2} = {41FB197D-73A0-4656-B924-BF3095612DFA}
		{E2D8DEB1-E203-41BD-80E0-FB5AF1849DCB} = {802C1E2F-FF07-4573-8D00-3B4C3A93F22E}
		{5ED0D3A7-C159-46B7-9523-0323A8B20717} = {E01789AF-14AC-4489-9405-6CDDBAAFB78E}
		{739AA5E1-7FF2-4471-AF48-18EF991FB477} = {FB9C3848-7929-46C6-81E0-A4D97CD6AE9C}
		{A379F83C-18F6-447B-8648-A4225AAB56A0} = {41FB197D-73A0-4656-B924-BF3095612DFA}
		{5D979090-6F74-4782-BDE5-BC57FB8C6999} = {802C1E2F-FF07-4573-8D00-3B4C3A93F22E}
		{9DB1FF7B-84C3-4169-BD7A-06DC1CAEFAE1} = {802C1E2F-FF07-4573-8D00-3B4C3A93F22E}
		{50B2D529-5056-4E9A-82CB-D4F7AF9043AE} = {FB9C3848-7929-46C6-81E0-A4D97CD6AE9C}
		{81F9F31A-8D05-47CB-AC44-EB9808FAE9EB} = {FB9C3848-7929-46C6-81E0-A4D97CD6AE9C}
	EndGlobalSection
	GlobalSection(ExtensibilityGlobals) = postSolution
		SolutionGuid = {A3DF1A2C-767C-4BC9-B061-CC39055129E4}
	EndGlobalSection
EndGlobal
